<?xml version="1.0" encoding="UTF-8"?>
<Scheme
   version = "1.3">
   <BuildAction>
      <BuildActionEntries>
         <BuildActionEntry
            buildForRunning = "YES">
            <BuildableReference
               BuildableIdentifier = "primary"
               BlueprintIdentifier = "89C9B46D2000148300EB26A8"
               BuildableName = "RNRMovies.app"
               BlueprintName = "RNRMovies"
               ReferencedContainer = "container:RNRMovies.xcodeproj">
            </BuildableReference>
         </BuildActionEntry>
      </BuildActionEntries>
   </BuildAction>
   <LaunchAction
      useCustomWorkingDirectory = "NO"
      buildConfiguration = "Debug">
      <BuildableProductRunnable>
         <BuildableReference
            BuildableIdentifier = "primary"
            BlueprintIdentifier = "89C9B46D2000148300EB26A8"
            BuildableName = "RNRMovies.app"
            BlueprintName = "RNRMovies"
            ReferencedContainer = "container:RNRMovies.xcodeproj">
         </BuildableReference>
      </BuildableProductRunnable>
   </LaunchAction>
</Scheme>
